<?xml version="1.0" encoding="utf-8"?>
<Project ToolsVersion="4.0" xmlns="http://schemas.microsoft.com/developer/msbuild/2003">
  <ItemGroup>
    <Filter Include="Source Files">
      <UniqueIdentifier>{4FC737F1-C7A5-4376-A066-2A32D752A2FF}</UniqueIdentifier>
      <Extensions>cpp;c;cc;cxx;def;odl;idl;hpj;bat;asm;asmx</Extensions>
    </Filter>
    <Filter Include="Header Files">
      <UniqueIdentifier>{93995380-89BD-4b04-88EB-625FBE52EBFB}</UniqueIdentifier>
      <Extensions>h;hh;hpp;hxx;hm;inl;inc;xsd</Extensions>
    </Filter>
    <Filter Include="Resource Files">
      <UniqueIdentifier>{67DA6AB6-F800-4c08-8B7A-83BB121AAD01}</UniqueIdentifier>
      <Extensions>rc;ico;cur;bmp;dlg;rc2;rct;bin;rgs;gif;jpg;jpeg;jpe;resx;tiff;tif;png;wav;mfcribbon-ms</Extensions>
    </Filter>
    <Filter Include="Resource Files\Shaders">
      <UniqueIdentifier>{3b524136-5cc5-4a0a-97ea-4653128a617a}</UniqueIdentifier>
    </Filter>
    <Filter Include="Resource Files\Textures">
      <UniqueIdentifier>{3a89616e-b5b5-4a17-b78a-6a588e05599d}</UniqueIdentifier>
    </Filter>
    <Filter Include="Resource Files\Doc">
      <UniqueIdentifier>{9889e6f9-2a8b-4200-9ece-d47314ec5fe3}</UniqueIdentifier>
    </Filter>
    <Filter Include="Resource Files\Textures\Grass">
      <UniqueIdentifier>{9ea3dc18-3322-47c3-aca0-c83075f02053}</UniqueIdentifier>
    </Filter>
    <Filter Include="Resource Files\Textures\Leaves">
      <UniqueIdentifier>{69ea20ff-f43b-4768-861e-af91e7e6bc0b}</UniqueIdentifier>
    </Filter>
    <Filter Include="Resource Files\Textures\Litter">
      <UniqueIdentifier>{b2ba6771-6b70-4de0-943f-7093c69d41be}</UniqueIdentifier>
    </Filter>
    <Filter Include="Resource Files\Textures\Moss">
      <UniqueIdentifier>{bd146561-4394-4d0b-a46b-2bdcd9e938c2}</UniqueIdentifier>
    </Filter>
    <Filter Include="Resource Files\Textures\Mud">
      <UniqueIdentifier>{742db38f-a307-41f5-a70a-3d86aad9dd7e}</UniqueIdentifier>
    </Filter>
    <Filter Include="Resource Files\Textures\Road">
      <UniqueIdentifier>{e5b0c737-5232-4362-8b0a-a36000a5eace}</UniqueIdentifier>
    </Filter>
    <Filter Include="Resource Files\Textures\Rock">
      <UniqueIdentifier>{5c0db8ca-69cf-4683-a4d6-7b4762b5393f}</UniqueIdentifier>
    </Filter>
    <Filter Include="Resource Files\Textures\Snow">
      <UniqueIdentifier>{90615e00-0184-48ea-95b8-55748795d74d}</UniqueIdentifier>
    </Filter>
  </ItemGroup>
  <ItemGroup>
    <ClCompile Include="main.cpp">
      <Filter>Source Files</Filter>
    </ClCompile>
    <ClCompile Include="Camera.cpp">
      <Filter>Source Files</Filter>
    </ClCompile>
    <ClCompile Include="GLFWWindow.cpp">
      <Filter>Source Files</Filter>
    </ClCompile>
    <ClCompile Include="ImageLoader.cpp">
      <Filter>Source Files</Filter>
    </ClCompile>
    <ClCompile Include="KeyManager.cpp">
      <Filter>Source Files</Filter>
    </ClCompile>
    <ClCompile Include="Model.cpp">
      <Filter>Source Files</Filter>
    </ClCompile>
    <ClCompile Include="Shader.cpp">
      <Filter>Source Files</Filter>
    </ClCompile>
    <ClCompile Include="Texture.cpp">
      <Filter>Source Files</Filter>
    </ClCompile>
    <ClCompile Include="..\ExternalLibs\src\glad.c">
      <Filter>Source Files</Filter>
    </ClCompile>
    <ClCompile Include="TerrainGenerator.cpp">
      <Filter>Source Files</Filter>
    </ClCompile>
  </ItemGroup>
  <ItemGroup>
    <ClInclude Include="Camera.h">
      <Filter>Header Files</Filter>
    </ClInclude>
    <ClInclude Include="GLFWWindow.h">
      <Filter>Header Files</Filter>
    </ClInclude>
    <ClInclude Include="ImageLoader.h">
      <Filter>Header Files</Filter>
    </ClInclude>
    <ClInclude Include="KeyManager.h">
      <Filter>Header Files</Filter>
    </ClInclude>
    <ClInclude Include="Model.h">
      <Filter>Header Files</Filter>
    </ClInclude>
    <ClInclude Include="Shader.h">
      <Filter>Header Files</Filter>
    </ClInclude>
    <ClInclude Include="Texture.h">
      <Filter>Header Files</Filter>
    </ClInclude>
    <ClInclude Include="TerrainGenerator.h">
      <Filter>Header Files</Filter>
    </ClInclude>
  </ItemGroup>
  <ItemGroup>
    <None Include="ClassDiagram.cd" />
    <None Include="..\..\Doc\paper procedural terrain generation.pdf">
      <Filter>Resource Files\Doc</Filter>
    </None>
    <None Include="..\Shaders\FS_fragment.glsl">
      <Filter>Resource Files\Shaders</Filter>
    </None>
    <None Include="..\Shaders\GS_geometry.glsl">
      <Filter>Resource Files\Shaders</Filter>
    </None>
    <None Include="..\Shaders\TCS_tessellationControl.glsl">
      <Filter>Resource Files\Shaders</Filter>
    </None>
    <None Include="..\Shaders\TES_tessellationEvaluation.glsl">
      <Filter>Resource Files\Shaders</Filter>
    </None>
    <None Include="..\Shaders\VS_vertex.glsl">
      <Filter>Resource Files\Shaders</Filter>
    </None>
    <None Include="..\Shaders\CS_Accumulate2ndDerivative.glsl">
      <Filter>Resource Files\Shaders</Filter>
    </None>
    <None Include="..\Shaders\CS_Erosion.glsl">
      <Filter>Resource Files\Shaders</Filter>
    </None>
    <None Include="..\Shaders\CS_Noise.glsl">
      <Filter>Resource Files\Shaders</Filter>
    </None>
    <None Include="..\Shaders\CS_NormalAnd2ndDerivative.glsl">
      <Filter>Resource Files\Shaders</Filter>
    </None>
    <None Include="..\Shaders\CS_Voronoi.glsl">
      <Filter>Resource Files\Shaders</Filter>
    </None>
    <None Include="..\Shaders\CS_SetTexturePositions.glsl">
      <Filter>Resource Files\Shaders</Filter>
    </None>
  </ItemGroup>
  <ItemGroup>
    <Image Include="..\Textures\T_Ground_Grass\T_Ground_Grass_1_BC_R.tga">
      <Filter>Resource Files\Textures\Grass</Filter>
    </Image>
    <Image Include="..\Textures\T_Ground_Grass\T_Ground_Grass_1_N_H.png">
      <Filter>Resource Files\Textures\Grass</Filter>
    </Image>
    <Image Include="..\Textures\T_Ground_Grass\T_Ground_Grass_2_BC_R.tga">
      <Filter>Resource Files\Textures\Grass</Filter>
    </Image>
    <Image Include="..\Textures\T_Ground_Grass\T_Ground_Grass_2_N_H.png">
      <Filter>Resource Files\Textures\Grass</Filter>
    </Image>
    <Image Include="..\Textures\T_Ground_Grass\T_Ground_Grass_3_BC_R.tga">
      <Filter>Resource Files\Textures\Grass</Filter>
    </Image>
    <Image Include="..\Textures\T_Ground_Grass\T_Ground_Grass_3_N_H.png">
      <Filter>Resource Files\Textures\Grass</Filter>
    </Image>
    <Image Include="..\Textures\T_Ground_Grass\T_Ground_Grass_4_BC_R.tga">
      <Filter>Resource Files\Textures\Grass</Filter>
    </Image>
    <Image Include="..\Textures\T_Ground_Grass\T_Ground_Grass_4_N_H.png">
      <Filter>Resource Files\Textures\Grass</Filter>
    </Image>
    <Image Include="..\Textures\T_Ground_Grass_Leaves\T_Ground_Grass_Leaves_1_BC_R.tga">
      <Filter>Resource Files\Textures\Leaves</Filter>
    </Image>
    <Image Include="..\Textures\T_Ground_Grass_Leaves\T_Ground_Grass_Leaves_1_N_H.png">
      <Filter>Resource Files\Textures\Leaves</Filter>
    </Image>
    <Image Include="..\Textures\T_Ground_Grass_Leaves\T_Ground_Grass_Leaves_2_BC_R.tga">
      <Filter>Resource Files\Textures\Leaves</Filter>
    </Image>
    <Image Include="..\Textures\T_Ground_Grass_Leaves\T_Ground_Grass_Leaves_2_N_H.png">
      <Filter>Resource Files\Textures\Leaves</Filter>
    </Image>
    <Image Include="..\Textures\T_Ground_Grass_Leaves\T_Ground_Grass_Leaves_3_BC_R.tga">
      <Filter>Resource Files\Textures\Leaves</Filter>
    </Image>
    <Image Include="..\Textures\T_Ground_Grass_Leaves\T_Ground_Grass_Leaves_3_N_H.png">
      <Filter>Resource Files\Textures\Leaves</Filter>
    </Image>
    <Image Include="..\Textures\T_Ground_Grass_Leaves\T_Ground_Grass_Leaves_4_BC_R.tga">
      <Filter>Resource Files\Textures\Leaves</Filter>
    </Image>
    <Image Include="..\Textures\T_Ground_Grass_Leaves\T_Ground_Grass_Leaves_4_N_H.png">
      <Filter>Resource Files\Textures\Leaves</Filter>
    </Image>
    <Image Include="..\Textures\T_Ground_Litter\T_Ground_Litter_1_BC_R.tga">
      <Filter>Resource Files\Textures\Litter</Filter>
    </Image>
    <Image Include="..\Textures\T_Ground_Litter\T_Ground_Litter_1_N_H.png">
      <Filter>Resource Files\Textures\Litter</Filter>
    </Image>
    <Image Include="..\Textures\T_Ground_Litter\T_Ground_Litter_2_BC_R.tga">
      <Filter>Resource Files\Textures\Litter</Filter>
    </Image>
    <Image Include="..\Textures\T_Ground_Litter\T_Ground_Litter_2_N_H.png">
      <Filter>Resource Files\Textures\Litter</Filter>
    </Image>
    <Image Include="..\Textures\T_Ground_Litter\T_Ground_Litter_3_BC_R.tga">
      <Filter>Resource Files\Textures\Litter</Filter>
    </Image>
    <Image Include="..\Textures\T_Ground_Litter\T_Ground_Litter_3_N_H.png">
      <Filter>Resource Files\Textures\Litter</Filter>
    </Image>
    <Image Include="..\Textures\T_Ground_Moss\T_Ground_Moss_1_BC_R.tga">
      <Filter>Resource Files\Textures\Moss</Filter>
    </Image>
    <Image Include="..\Textures\T_Ground_Moss\T_Ground_Moss_1_N_H.png">
      <Filter>Resource Files\Textures\Moss</Filter>
    </Image>
    <Image Include="..\Textures\T_Ground_Mud\T_Ground_Mud_1_BC_R.tga">
      <Filter>Resource Files\Textures\Mud</Filter>
    </Image>
    <Image Include="..\Textures\T_Ground_Mud\T_Ground_Mud_1_N_H.png">
      <Filter>Resource Files\Textures\Mud</Filter>
    </Image>
    <Image Include="..\Textures\T_Ground_Mud\T_Ground_Mud_2_BC_R.tga">
      <Filter>Resource Files\Textures\Mud</Filter>
    </Image>
    <Image Include="..\Textures\T_Ground_Mud\T_Ground_Mud_2_N_H.png">
      <Filter>Resource Files\Textures\Mud</Filter>
    </Image>
    <Image Include="..\Textures\T_Ground_Mud\T_Ground_Mud_3_BC_R.tga">
      <Filter>Resource Files\Textures\Mud</Filter>
    </Image>
    <Image Include="..\Textures\T_Ground_Mud\T_Ground_Mud_3_N_H.png">
      <Filter>Resource Files\Textures\Mud</Filter>
    </Image>
    <Image Include="..\Textures\T_Ground_Mud\T_Ground_Mud_4_BC_R.tga">
      <Filter>Resource Files\Textures\Mud</Filter>
    </Image>
    <Image Include="..\Textures\T_Ground_Mud\T_Ground_Mud_4_N_H.png">
      <Filter>Resource Files\Textures\Mud</Filter>
    </Image>
    <Image Include="..\Textures\T_Ground_Snow\T_Ground_Snow_1_BC_R.tga">
      <Filter>Resource Files\Textures\Snow</Filter>
    </Image>
    <Image Include="..\Textures\T_Ground_Snow\T_Ground_Snow_1_N_H.png">
      <Filter>Resource Files\Textures\Snow</Filter>
    </Image>
    <Image Include="..\Textures\T_Ground_Rock\T_Ground_Rock_1_BC_R.tga">
      <Filter>Resource Files\Textures\Rock</Filter>
    </Image>
    <Image Include="..\Textures\T_Ground_Rock\T_Ground_Rock_1_N_H.png">
      <Filter>Resource Files\Textures\Rock</Filter>
    </Image>
    <Image Include="..\Textures\T_Ground_Rock\T_Ground_Rock_2_BC_R.tga">
      <Filter>Resource Files\Textures\Rock</Filter>
    </Image>
    <Image Include="..\Textures\T_Ground_Rock\T_Ground_Rock_2_N_H.png">
      <Filter>Resource Files\Textures\Rock</Filter>
    </Image>
    <Image Include="..\Textures\T_Ground_Rock\T_Ground_Rock_3_BC_R.tga">
      <Filter>Resource Files\Textures\Rock</Filter>
    </Image>
    <Image Include="..\Textures\T_Ground_Rock\T_Ground_Rock_3_N_H.png">
      <Filter>Resource Files\Textures\Rock</Filter>
    </Image>
    <Image Include="..\Textures\T_Ground_Rock\T_Ground_Rock_4_BC_R.tga">
      <Filter>Resource Files\Textures\Rock</Filter>
    </Image>
    <Image Include="..\Textures\T_Ground_Rock\T_Ground_Rock_4_N_H.png">
      <Filter>Resource Files\Textures\Rock</Filter>
    </Image>
    <Image Include="..\Textures\T_Ground_Rock\T_Ground_Rock_5_BC_R.tga">
      <Filter>Resource Files\Textures\Rock</Filter>
    </Image>
    <Image Include="..\Textures\T_Ground_Rock\T_Ground_Rock_5_N_H.png">
      <Filter>Resource Files\Textures\Rock</Filter>
    </Image>
    <Image Include="..\Textures\T_Ground_Rock\T_Ground_Rock_6_BC_R.tga">
      <Filter>Resource Files\Textures\Rock</Filter>
    </Image>
    <Image Include="..\Textures\T_Ground_Rock\T_Ground_Rock_6_N_H.png">
      <Filter>Resource Files\Textures\Rock</Filter>
    </Image>
    <Image Include="..\Textures\T_Ground_Rock\T_Ground_Rock_7_BC_R.tga">
      <Filter>Resource Files\Textures\Rock</Filter>
    </Image>
    <Image Include="..\Textures\T_Ground_Rock\T_Ground_Rock_7_N_H.png">
      <Filter>Resource Files\Textures\Rock</Filter>
    </Image>
    <Image Include="..\Textures\T_Ground_Rock\T_Ground_Rock_8_BC_R.tga">
      <Filter>Resource Files\Textures\Rock</Filter>
    </Image>
    <Image Include="..\Textures\T_Ground_Rock\T_Ground_Rock_8_N_H.png">
      <Filter>Resource Files\Textures\Rock</Filter>
    </Image>
    <Image Include="..\Textures\T_Ground_Road_Path\T_Ground_Road_Path_1_BC_R.tga">
      <Filter>Resource Files\Textures\Road</Filter>
    </Image>
    <Image Include="..\Textures\T_Ground_Road_Path\T_Ground_Road_Path_1_N_H.png">
      <Filter>Resource Files\Textures\Road</Filter>
    </Image>
    <Image Include="..\Textures\T_Ground_Road_Path\T_Ground_Road_Path_2_BC_R.tga">
      <Filter>Resource Files\Textures\Road</Filter>
    </Image>
    <Image Include="..\Textures\T_Ground_Road_Path\T_Ground_Road_Path_2_N_H.png">
      <Filter>Resource Files\Textures\Road</Filter>
    </Image>
    <Image Include="..\Textures\T_Ground_Road_Path\T_Ground_Road_Path_3_BC_R.tga">
      <Filter>Resource Files\Textures\Road</Filter>
    </Image>
    <Image Include="..\Textures\T_Ground_Road_Path\T_Ground_Road_Path_3_N_H.png">
      <Filter>Resource Files\Textures\Road</Filter>
    </Image>
    <Image Include="..\..\Doc\example1.png">
      <Filter>Resource Files\Doc</Filter>
    </Image>
    <Image Include="..\..\Doc\example2.png">
      <Filter>Resource Files\Doc</Filter>
    </Image>
  </ItemGroup>
</Project>